{
  "pins" : [
    {
      "identity" : "injectpropertywrapper",
      "kind" : "remoteSourceControl",
      "location" : "https://github.com/egeniq/InjectPropertyWrapper",
      "state" : {
        "revision" : "59b7beb5d3f67e58d034639c2da33d9802d27770",
        "version" : "0.3.0"
      }
    },
    {
      "identity" : "swinject",
      "kind" : "remoteSourceControl",
      "location" : "https://github.com/Swinject/Swinject",
      "state" : {
        "revision" : "8bc503e60965298984fb58cf47b71c541449fe2a",
        "version" : "2.8.3"
      }
    }
  ],
  "version" : 2
}
